
Microsoft Visual Studio Solution File, Format Version 12.00
# Visual Studio Version 16
VisualStudioVersion = 16.0.29009.5
MinimumVisualStudioVersion = 10.0.40219.1
Project("{FAE04EC0-301F-11D3-BF4B-00C04F79EFBC}") = "DrainLib", "DrainLib\DrainLib.csproj", "{3FADAE26-5A97-4B46-9730-6BF8502633E8}"
EndProject
Project("{FAE04EC0-301F-11D3-BF4B-00C04F79EFBC}") = "TestProj", "TestProj\TestProj.csproj", "{01F80EF9-8616-4249-B6FE-8E20178AB1A5}"
EndProject
Project("{FAE04EC0-301F-11D3-BF4B-00C04F79EFBC}") = "ScummResearchForm", "ScummResearchForm\ScummResearchForm.csproj", "{9140344B-F89D-4C44-9D73-6A50A14776E3}"
EndProject
Project("{9A19103F-16F7-4668-BE54-9A1E7A4F7556}") = "PdbAccess", "..\..\DebugHelp\PdbAccess\PdbAccess.csproj", "{0D3F2EB3-AABA-47C9-BC6B-3B6F1D900E53}"
EndProject
Global
	GlobalSection(SolutionConfigurationPlatforms) = preSolution
		Debug|Any CPU = Debug|Any CPU
		Release|Any CPU = Release|Any CPU
	EndGlobalSection
	GlobalSection(ProjectConfigurationPlatforms) = postSolution
		{3FADAE26-5A97-4B46-9730-6BF8502633E8}.Debug|Any CPU.ActiveCfg = Debug|Any CPU
		{3FADAE26-5A97-4B46-9730-6BF8502633E8}.Debug|Any CPU.Build.0 = Debug|Any CPU
		{3FADAE26-5A97-4B46-9730-6BF8502633E8}.Release|Any CPU.ActiveCfg = Release|Any CPU
		{3FADAE26-5A97-4B46-9730-6BF8502633E8}.Release|Any CPU.Build.0 = Release|Any CPU
		{01F80EF9-8616-4249-B6FE-8E20178AB1A5}.Debug|Any CPU.ActiveCfg = Debug|Any CPU
		{01F80EF9-8616-4249-B6FE-8E20178AB1A5}.Debug|Any CPU.Build.0 = Debug|Any CPU
		{01F80EF9-8616-4249-B6FE-8E20178AB1A5}.Release|Any CPU.ActiveCfg = Release|Any CPU
		{01F80EF9-8616-4249-B6FE-8E20178AB1A5}.Release|Any CPU.Build.0 = Release|Any CPU
		{9140344B-F89D-4C44-9D73-6A50A14776E3}.Debug|Any CPU.ActiveCfg = Debug|Any CPU
		{9140344B-F89D-4C44-9D73-6A50A14776E3}.Debug|Any CPU.Build.0 = Debug|Any CPU
		{9140344B-F89D-4C44-9D73-6A50A14776E3}.Release|Any CPU.ActiveCfg = Release|Any CPU
		{9140344B-F89D-4C44-9D73-6A50A14776E3}.Release|Any CPU.Build.0 = Release|Any CPU
		{0D3F2EB3-AABA-47C9-BC6B-3B6F1D900E53}.Debug|Any CPU.ActiveCfg = Debug|Any CPU
		{0D3F2EB3-AABA-47C9-BC6B-3B6F1D900E53}.Debug|Any CPU.Build.0 = Debug|Any CPU
		{0D3F2EB3-AABA-47C9-BC6B-3B6F1D900E53}.Release|Any CPU.ActiveCfg = Release|Any CPU
		{0D3F2EB3-AABA-47C9-BC6B-3B6F1D900E53}.Release|Any CPU.Build.0 = Release|Any CPU
	EndGlobalSection
	GlobalSection(SolutionProperties) = preSolution
		HideSolutionNode = FALSE
	EndGlobalSection
	GlobalSection(ExtensibilityGlobals) = postSolution
		SolutionGuid = {5DB08707-F944-4B59-A9B1-8B2452E990FC}
	EndGlobalSection
EndGlobal
